// !$*UTF8*$!
{
	archiveVersion = 1;
	classes = {
	};
	objectVersion = 51;
	objects = {

/* Begin PBXBuildFile section */
		955D18D7BDC67249DEBFEEDC /* libPods-Crash Reporter.a in Frameworks */ = {isa = PBXBuildFile; fileRef = 772960024D2494489DE85569 /* libPods-Crash Reporter.a */; };
		D1298331238581450059EE1E /* AppDelegate.swift in Sources */ = {isa = PBXBuildFile; fileRef = D1298330238581450059EE1E /* AppDelegate.swift */; };
		D1298333238581460059EE1E /* Assets.xcassets in Resources */ = {isa = PBXBuildFile; fileRef = D1298332238581460059EE1E /* Assets.xcassets */; };
		D1298336238581460059EE1E /* MainMenu.xib in Resources */ = {isa = PBXBuildFile; fileRef = D1298334238581460059EE1E /* MainMenu.xib */; };
/* End PBXBuildFile section */

/* Begin PBXFileReference section */
		2369FB99AAE1CA1EA1CC5288 /* Pods-Crash Reporter.release.xcconfig */ = {isa = PBXFileReference; includeInIndex = 1; lastKnownFileType = text.xcconfig; name = "Pods-Crash Reporter.release.xcconfig"; path = "Target Support Files/Pods-Crash Reporter/Pods-Crash Reporter.release.xcconfig"; sourceTree = "<group>"; };
		772960024D2494489DE85569 /* libPods-Crash Reporter.a */ = {isa = PBXFileReference; explicitFileType = archive.ar; includeInIndex = 0; path = "libPods-Crash Reporter.a"; sourceTree = BUILT_PRODUCTS_DIR; };
		C7E1EDCAEC1D955D1B1D1F8F /* Pods-Crash Reporter.debug.xcconfig */ = {isa = PBXFileReference; includeInIndex = 1; lastKnownFileType = text.xcconfig; name = "Pods-Crash Reporter.debug.xcconfig"; path = "Target Support Files/Pods-Crash Reporter/Pods-Crash Reporter.debug.xcconfig"; sourceTree = "<group>"; };
		D129832D238581450059EE1E /* Crash Reporter.app */ = {isa = PBXFileReference; explicitFileType = wrapper.application; includeInIndex = 0; path = "Crash Reporter.app"; sourceTree = BUILT_PRODUCTS_DIR; };
		D1298330238581450059EE1E /* AppDelegate.swift */ = {isa = PBXFileReference; lastKnownFileType = sourcecode.swift; path = AppDelegate.swift; sourceTree = "<group>"; };
		D1298332238581460059EE1E /* Assets.xcassets */ = {isa = PBXFileReference; lastKnownFileType = folder.assetcatalog; path = Assets.xcassets; sourceTree = "<group>"; };
		D1298335238581460059EE1E /* Base */ = {isa = PBXFileReference; lastKnownFileType = file.xib; name = Base; path = Base.lproj/MainMenu.xib; sourceTree = "<group>"; };
		D1298337238581460059EE1E /* Info.plist */ = {isa = PBXFileReference; lastKnownFileType = text.plist.xml; path = Info.plist; sourceTree = "<group>"; };
		D129833E2385815D0059EE1E /* Crash Reporter View.xib */ = {isa = PBXFileReference; lastKnownFileType = file.xib; path = "Crash Reporter View.xib"; sourceTree = "<group>"; };
		D1298340238581670059EE1E /* Crash Reporter.swift */ = {isa = PBXFileReference; lastKnownFileType = sourcecode.swift; path = "Crash Reporter.swift"; sourceTree = "<group>"; };
		D19805F823869867003D6318 /* LICENSE */ = {isa = PBXFileReference; lastKnownFileType = text; path = LICENSE; sourceTree = "<group>"; };
		D19805F923869867003D6318 /* README.md */ = {isa = PBXFileReference; lastKnownFileType = net.daringfireball.markdown; path = README.md; sourceTree = "<group>"; };
		D19805FA2386A27B003D6318 /* CrashReporterAC.podspec */ = {isa = PBXFileReference; lastKnownFileType = text; path = CrashReporterAC.podspec; sourceTree = "<group>"; xcLanguageSpecificationIdentifier = xcode.lang.ruby; };
/* End PBXFileReference section */

/* Begin PBXFrameworksBuildPhase section */
		D129832A238581450059EE1E /* Frameworks */ = {
			isa = PBXFrameworksBuildPhase;
			buildActionMask = 2147483647;
			files = (
				955D18D7BDC67249DEBFEEDC /* libPods-Crash Reporter.a in Frameworks */,
			);
			runOnlyForDeploymentPostprocessing = 0;
		};
/* End PBXFrameworksBuildPhase section */

/* Begin PBXGroup section */
		D1298324238581450059EE1E = {
			isa = PBXGroup;
			children = (
				D19805F823869867003D6318 /* LICENSE */,
				D19805F923869867003D6318 /* README.md */,
				D19805FA2386A27B003D6318 /* CrashReporterAC.podspec */,
				D129834423858C400059EE1E /* Sources */,
				D129832F238581450059EE1E /* Crash Reporter Test App */,
				D129832E238581450059EE1E /* Products */,
				E2C15B349D039AE63F552FE6 /* Pods */,
				DF019ED3337CE85D1211E0E7 /* Frameworks */,
			);
			sourceTree = "<group>";
		};
		D129832E238581450059EE1E /* Products */ = {
			isa = PBXGroup;
			children = (
				D129832D238581450059EE1E /* Crash Reporter.app */,
			);
			name = Products;
			sourceTree = "<group>";
		};
		D129832F238581450059EE1E /* Crash Reporter Test App */ = {
			isa = PBXGroup;
			children = (
				D1298330238581450059EE1E /* AppDelegate.swift */,
				D1298332238581460059EE1E /* Assets.xcassets */,
				D1298334238581460059EE1E /* MainMenu.xib */,
				D1298337238581460059EE1E /* Info.plist */,
			);
			path = "Crash Reporter Test App";
			sourceTree = "<group>";
		};
		D129834423858C400059EE1E /* Sources */ = {
			isa = PBXGroup;
			children = (
				D1298340238581670059EE1E /* Crash Reporter.swift */,
				D129833E2385815D0059EE1E /* Crash Reporter View.xib */,
			);
			path = Sources;
			sourceTree = "<group>";
		};
		DF019ED3337CE85D1211E0E7 /* Frameworks */ = {
			isa = PBXGroup;
			children = (
				772960024D2494489DE85569 /* libPods-Crash Reporter.a */,
			);
			name = Frameworks;
			sourceTree = "<group>";
		};
		E2C15B349D039AE63F552FE6 /* Pods */ = {
			isa = PBXGroup;
			children = (
				C7E1EDCAEC1D955D1B1D1F8F /* Pods-Crash Reporter.debug.xcconfig */,
				2369FB99AAE1CA1EA1CC5288 /* Pods-Crash Reporter.release.xcconfig */,
			);
			path = Pods;
			sourceTree = "<group>";
		};
/* End PBXGroup section */

/* Begin PBXNativeTarget section */
		D129832C238581450059EE1E /* Crash Reporter */ = {
			isa = PBXNativeTarget;
			buildConfigurationList = D129833B238581460059EE1E /* Build configuration list for PBXNativeTarget "Crash Reporter" */;
			buildPhases = (
				AFB5910446BDB7BF796BDA26 /* [CP] Check Pods Manifest.lock */,
				D1298329238581450059EE1E /* Sources */,
				D129832A238581450059EE1E /* Frameworks */,
				D129832B238581450059EE1E /* Resources */,
				55968994E2B72E41BC3A81A6 /* [CP] Copy Pods Resources */,
			);
			buildRules = (
			);
			dependencies = (
			);
			name = "Crash Reporter";
			productName = "Crash Reporter";
			productReference = D129832D238581450059EE1E /* Crash Reporter.app */;
			productType = "com.apple.product-type.application";
		};
/* End PBXNativeTarget section */

/* Begin PBXProject section */
		D1298325238581450059EE1E /* Project object */ = {
			isa = PBXProject;
			attributes = {
				LastSwiftUpdateCheck = 1120;
				LastUpgradeCheck = 1120;
				ORGANIZATIONNAME = "Daniel Witt";
				TargetAttributes = {
					D129832C238581450059EE1E = {
						CreatedOnToolsVersion = 11.2.1;
					};
				};
			};
			buildConfigurationList = D1298328238581450059EE1E /* Build configuration list for PBXProject "Crash Reporter" */;
			compatibilityVersion = "Xcode 9.3";
			developmentRegion = en;
			hasScannedForEncodings = 0;
			knownRegions = (
				en,
				Base,
			);
			mainGroup = D1298324238581450059EE1E;
			productRefGroup = D129832E238581450059EE1E /* Products */;
			projectDirPath = "";
			projectRoot = "";
			targets = (
				D129832C238581450059EE1E /* Crash Reporter */,
			);
		};
/* End PBXProject section */

/* Begin PBXResourcesBuildPhase section */
		D129832B238581450059EE1E /* Resources */ = {
			isa = PBXResourcesBuildPhase;
			buildActionMask = 2147483647;
			files = (
				D1298333238581460059EE1E /* Assets.xcassets in Resources */,
				D1298336238581460059EE1E /* MainMenu.xib in Resources */,
			);
			runOnlyForDeploymentPostprocessing = 0;
		};
/* End PBXResourcesBuildPhase section */

/* Begin PBXShellScriptBuildPhase section */
		55968994E2B72E41BC3A81A6 /* [CP] Copy Pods Resources */ = {
			isa = PBXShellScriptBuildPhase;
			buildActionMask = 2147483647;
			files = (
			);
			inputFileListPaths = (
				"${PODS_ROOT}/Target Support Files/Pods-Crash Reporter/Pods-Crash Reporter-resources-${CONFIGURATION}-input-files.xcfilelist",
			);
			name = "[CP] Copy Pods Resources";
			outputFileListPaths = (
				"${PODS_ROOT}/Target Support Files/Pods-Crash Reporter/Pods-Crash Reporter-resources-${CONFIGURATION}-output-files.xcfilelist",
			);
			runOnlyForDeploymentPostprocessing = 0;
			shellPath = /bin/sh;
			shellScript = "\"${PODS_ROOT}/Target Support Files/Pods-Crash Reporter/Pods-Crash Reporter-resources.sh\"\n";
			showEnvVarsInLog = 0;
		};
		AFB5910446BDB7BF796BDA26 /* [CP] Check Pods Manifest.lock */ = {
			isa = PBXShellScriptBuildPhase;
			buildActionMask = 2147483647;
			files = (
			);
			inputFileListPaths = (
			);
			inputPaths = (
				"${PODS_PODFILE_DIR_PATH}/Podfile.lock",
				"${PODS_ROOT}/Manifest.lock",
			);
			name = "[CP] Check Pods Manifest.lock";
			outputFileListPaths = (
			);
			outputPaths = (
				"$(DERIVED_FILE_DIR)/Pods-Crash Reporter-checkManifestLockResult.txt",
			);
			runOnlyForDeploymentPostprocessing = 0;
			shellPath = /bin/sh;
			shellScript = "diff \"${PODS_PODFILE_DIR_PATH}/Podfile.lock\" \"${PODS_ROOT}/Manifest.lock\" > /dev/null\nif [ $? != 0 ] ; then\n    # print error to STDERR\n    echo \"error: The sandbox is not in sync with the Podfile.lock. Run 'pod install' or update your CocoaPods installation.\" >&2\n    exit 1\nfi\n# This output is used by Xcode 'outputs' to avoid re-running this script phase.\necho \"SUCCESS\" > \"${SCRIPT_OUTPUT_FILE_0}\"\n";
			showEnvVarsInLog = 0;
		};
/* End PBXShellScriptBuildPhase section */

/* Begin PBXSourcesBuildPhase section */
		D1298329238581450059EE1E /* Sources */ = {
			isa = PBXSourcesBuildPhase;
			buildActionMask = 2147483647;
			files = (
				D1298331238581450059EE1E /* AppDelegate.swift in Sources */,
			);
			runOnlyForDeploymentPostprocessing = 0;
		};
/* End PBXSourcesBuildPhase section */

/* Begin PBXVariantGroup section */
		D1298334238581460059EE1E /* MainMenu.xib */ = {
			isa = PBXVariantGroup;
			children = (
				D1298335238581460059EE1E /* Base */,
			);
			name = MainMenu.xib;
			sourceTree = "<group>";
		};
/* End PBXVariantGroup section */

/* Begin XCBuildConfiguration section */
		D1298339238581460059EE1E /* Debug */ = {
			isa = XCBuildConfiguration;
			buildSettings = {
				ALWAYS_SEARCH_USER_PATHS = NO;
				CLANG_ANALYZER_NONNULL = YES;
				CLANG_ANALYZER_NUMBER_OBJECT_CONVERSION = YES_AGGRESSIVE;
				CLANG_CXX_LANGUAGE_STANDARD = "gnu++14";
				CLANG_CXX_LIBRARY = "libc++";
				CLANG_ENABLE_MODULES = YES;
				CLANG_ENABLE_OBJC_ARC = YES;
				CLANG_ENABLE_OBJC_WEAK = YES;
				CLANG_WARN_BLOCK_CAPTURE_AUTORELEASING = YES;
				CLANG_WARN_BOOL_CONVERSION = YES;
				CLANG_WARN_COMMA = YES;
				CLANG_WARN_CONSTANT_CONVERSION = YES;
				CLANG_WARN_DEPRECATED_OBJC_IMPLEMENTATIONS = YES;
				CLANG_WARN_DIRECT_OBJC_ISA_USAGE = YES_ERROR;
				CLANG_WARN_DOCUMENTATION_COMMENTS = YES;
				CLANG_WARN_EMPTY_BODY = YES;
				CLANG_WARN_ENUM_CONVERSION = YES;
				CLANG_WARN_INFINITE_RECURSION = YES;
				CLANG_WARN_INT_CONVERSION = YES;
				CLANG_WARN_NON_LITERAL_NULL_CONVERSION = YES;
				CLANG_WARN_OBJC_IMPLICIT_RETAIN_SELF = YES;
				CLANG_WARN_OBJC_LITERAL_CONVERSION = YES;
				CLANG_WARN_OBJC_ROOT_CLASS = YES_ERROR;
				CLANG_WARN_RANGE_LOOP_ANALYSIS = YES;
				CLANG_WARN_STRICT_PROTOTYPES = YES;
				CLANG_WARN_SUSPICIOUS_MOVE = YES;
				CLANG_WARN_UNGUARDED_AVAILABILITY = YES_AGGRESSIVE;
				CLANG_WARN_UNREACHABLE_CODE = YES;
				CLANG_WARN__DUPLICATE_METHOD_MATCH = YES;
				COPY_PHASE_STRIP = NO;
				DEBUG_INFORMATION_FORMAT = dwarf;
				ENABLE_STRICT_OBJC_MSGSEND = YES;
				ENABLE_TESTABILITY = YES;
				GCC_C_LANGUAGE_STANDARD = gnu11;
				GCC_DYNAMIC_NO_PIC = NO;
				GCC_NO_COMMON_BLOCKS = YES;
				GCC_OPTIMIZATION_LEVEL = 0;
				GCC_PREPROCESSOR_DEFINITIONS = (
					"DEBUG=1",
					"$(inherited)",
				);
				GCC_WARN_64_TO_32_BIT_CONVERSION = YES;
				GCC_WARN_ABOUT_RETURN_TYPE = YES_ERROR;
				GCC_WARN_UNDECLARED_SELECTOR = YES;
				GCC_WARN_UNINITIALIZED_AUTOS = YES_AGGRESSIVE;
				GCC_WARN_UNUSED_FUNCTION = YES;
				GCC_WARN_UNUSED_VARIABLE = YES;
				MACOSX_DEPLOYMENT_TARGET = 10.10;
				MTL_ENABLE_DEBUG_INFO = INCLUDE_SOURCE;
				MTL_FAST_MATH = YES;
				ONLY_ACTIVE_ARCH = YES;
				SDKROOT = macosx;
				SWIFT_ACTIVE_COMPILATION_CONDITIONS = DEBUG;
				SWIFT_OPTIMIZATION_LEVEL = "-Onone";
			};
			name = Debug;
		};
		D129833A238581460059EE1E /* Release */ = {
			isa = XCBuildConfiguration;
			buildSettings = {
				ALWAYS_SEARCH_USER_PATHS = NO;
				CLANG_ANALYZER_NONNULL = YES;
				CLANG_ANALYZER_NUMBER_OBJECT_CONVERSION = YES_AGGRESSIVE;
				CLANG_CXX_LANGUAGE_STANDARD = "gnu++14";
				CLANG_CXX_LIBRARY = "libc++";
				CLANG_ENABLE_MODULES = YES;
				CLANG_ENABLE_OBJC_ARC = YES;
				CLANG_ENABLE_OBJC_WEAK = YES;
				CLANG_WARN_BLOCK_CAPTURE_AUTORELEASING = YES;
				CLANG_WARN_BOOL_CONVERSION = YES;
				CLANG_WARN_COMMA = YES;
				CLANG_WARN_CONSTANT_CONVERSION = YES;
				CLANG_WARN_DEPRECATED_OBJC_IMPLEMENTATIONS = YES;
				CLANG_WARN_DIRECT_OBJC_ISA_USAGE = YES_ERROR;
				CLANG_WARN_DOCUMENTATION_COMMENTS = YES;
				CLANG_WARN_EMPTY_BODY = YES;
				CLANG_WARN_ENUM_CONVERSION = YES;
				CLANG_WARN_INFINITE_RECURSION = YES;
				CLANG_WARN_INT_CONVERSION = YES;
				CLANG_WARN_NON_LITERAL_NULL_CONVERSION = YES;
				CLANG_WARN_OBJC_IMPLICIT_RETAIN_SELF = YES;
				CLANG_WARN_OBJC_LITERAL_CONVERSION = YES;
				CLANG_WARN_OBJC_ROOT_CLASS = YES_ERROR;
				CLANG_WARN_RANGE_LOOP_ANALYSIS = YES;
				CLANG_WARN_STRICT_PROTOTYPES = YES;
				CLANG_WARN_SUSPICIOUS_MOVE = YES;
				CLANG_WARN_UNGUARDED_AVAILABILITY = YES_AGGRESSIVE;
				CLANG_WARN_UNREACHABLE_CODE = YES;
				CLANG_WARN__DUPLICATE_METHOD_MATCH = YES;
				COPY_PHASE_STRIP = NO;
				DEBUG_INFORMATION_FORMAT = "dwarf-with-dsym";
				ENABLE_NS_ASSERTIONS = NO;
				ENABLE_STRICT_OBJC_MSGSEND = YES;
				GCC_C_LANGUAGE_STANDARD = gnu11;
				GCC_NO_COMMON_BLOCKS = YES;
				GCC_WARN_64_TO_32_BIT_CONVERSION = YES;
				GCC_WARN_ABOUT_RETURN_TYPE = YES_ERROR;
				GCC_WARN_UNDECLARED_SELECTOR = YES;
				GCC_WARN_UNINITIALIZED_AUTOS = YES_AGGRESSIVE;
				GCC_WARN_UNUSED_FUNCTION = YES;
				GCC_WARN_UNUSED_VARIABLE = YES;
				MACOSX_DEPLOYMENT_TARGET = 10.10;
				MTL_ENABLE_DEBUG_INFO = NO;
				MTL_FAST_MATH = YES;
				SDKROOT = macosx;
				SWIFT_COMPILATION_MODE = wholemodule;
				SWIFT_OPTIMIZATION_LEVEL = "-O";
			};
			name = Release;
		};
		D129833C238581460059EE1E /* Debug */ = {
			isa = XCBuildConfiguration;
			baseConfigurationReference = C7E1EDCAEC1D955D1B1D1F8F /* Pods-Crash Reporter.debug.xcconfig */;
			buildSettings = {
				ASSETCATALOG_COMPILER_APPICON_NAME = AppIcon;
				CODE_SIGN_ENTITLEMENTS = "";
				CODE_SIGN_IDENTITY = "Apple Development";
				CODE_SIGN_STYLE = Automatic;
				COMBINE_HIDPI_IMAGES = YES;
				DEVELOPMENT_TEAM = GH2Y99U35Z;
				ENABLE_HARDENED_RUNTIME = NO;
				INFOPLIST_FILE = "$(SRCROOT)/Crash Reporter Test App/Info.plist";
				LD_RUNPATH_SEARCH_PATHS = (
					"$(inherited)",
					"@executable_path/../Frameworks",
				);
				MARKETING_VERSION = 0.1.1;
				PRODUCT_BUNDLE_IDENTIFIER = "com.witt-software.Crash-Reporter";
				PRODUCT_NAME = "$(TARGET_NAME)";
				PROVISIONING_PROFILE_SPECIFIER = "";
				SWIFT_VERSION = 5.0;
			};
			name = Debug;
		};
		D129833D238581460059EE1E /* Release */ = {
			isa = XCBuildConfiguration;
			baseConfigurationReference = 2369FB99AAE1CA1EA1CC5288 /* Pods-Crash Reporter.release.xcconfig */;
			buildSettings = {
				ASSETCATALOG_COMPILER_APPICON_NAME = AppIcon;
				CODE_SIGN_ENTITLEMENTS = "";
				CODE_SIGN_IDENTITY = "Apple Development";
				CODE_SIGN_STYLE = Automatic;
				COMBINE_HIDPI_IMAGES = YES;
				DEVELOPMENT_TEAM = GH2Y99U35Z;
				ENABLE_HARDENED_RUNTIME = NO;
				INFOPLIST_FILE = "$(SRCROOT)/Crash Reporter Test App/Info.plist";
				LD_RUNPATH_SEARCH_PATHS = (
					"$(inherited)",
					"@executable_path/../Frameworks",
				);
				MARKETING_VERSION = 0.1.1;
				PRODUCT_BUNDLE_IDENTIFIER = "com.witt-software.Crash-Reporter";
				PRODUCT_NAME = "$(TARGET_NAME)";
				PROVISIONING_PROFILE_SPECIFIER = "";
				SWIFT_VERSION = 5.0;
			};
			name = Release;
		};
/* End XCBuildConfiguration section */

/* Begin XCConfigurationList section */
		D1298328238581450059EE1E /* Build configuration list for PBXProject "Crash Reporter" */ = {
			isa = XCConfigurationList;
			buildConfigurations = (
				D1298339238581460059EE1E /* Debug */,
				D129833A238581460059EE1E /* Release */,
			);
			defaultConfigurationIsVisible = 0;
			defaultConfigurationName = Release;
		};
		D129833B238581460059EE1E /* Build configuration list for PBXNativeTarget "Crash Reporter" */ = {
			isa = XCConfigurationList;
			buildConfigurations = (
				D129833C238581460059EE1E /* Debug */,
				D129833D238581460059EE1E /* Release */,
			);
			defaultConfigurationIsVisible = 0;
			defaultConfigurationName = Release;
		};
/* End XCConfigurationList section */
	};
	rootObject = D1298325238581450059EE1E /* Project object */;
}
